// !$*UTF8*$!
{
	archiveVersion = 1;
	classes = {
	};
	objectVersion = 56;
	objects = {

/* Begin PBXBuildFile section */
		CB963D8329CB7E3C001A6F18 /* AppDelegate.swift in Sources */ = {isa = PBXBuildFile; fileRef = CB963D8229CB7E3C001A6F18 /* AppDelegate.swift */; };
		CB963D8529CB7E3C001A6F18 /* SceneDelegate.swift in Sources */ = {isa = PBXBuildFile; fileRef = CB963D8429CB7E3C001A6F18 /* SceneDelegate.swift */; };
		CB963D8729CB7E3C001A6F18 /* ViewController.swift in Sources */ = {isa = PBXBuildFile; fileRef = CB963D8629CB7E3C001A6F18 /* ViewController.swift */; };
		CB963D8C29CB7E3F001A6F18 /* Assets.xcassets in Resources */ = {isa = PBXBuildFile; fileRef = CB963D8B29CB7E3F001A6F18 /* Assets.xcassets */; };
		CB963D8F29CB7E3F001A6F18 /* LaunchScreen.storyboard in Resources */ = {isa = PBXBuildFile; fileRef = CB963D8D29CB7E3F001A6F18 /* LaunchScreen.storyboard */; };
		CB963D9A29CB7E40001A6F18 /* CalculatorUIKitTests.swift in Sources */ = {isa = PBXBuildFile; fileRef = CB963D9929CB7E40001A6F18 /* CalculatorUIKitTests.swift */; };
		CB963DA429CB7E40001A6F18 /* CalculatorUIKitUITests.swift in Sources */ = {isa = PBXBuildFile; fileRef = CB963DA329CB7E40001A6F18 /* CalculatorUIKitUITests.swift */; };
		CB963DA629CB7E40001A6F18 /* CalculatorUIKitUITestsLaunchTests.swift in Sources */ = {isa = PBXBuildFile; fileRef = CB963DA529CB7E40001A6F18 /* CalculatorUIKitUITestsLaunchTests.swift */; };
		CB963DB329CB81DC001A6F18 /* CalculatorController.swift in Sources */ = {isa = PBXBuildFile; fileRef = CB963DB229CB81DC001A6F18 /* CalculatorController.swift */; };
		CB963DB429CB81DC001A6F18 /* CalculatorController.swift in Sources */ = {isa = PBXBuildFile; fileRef = CB963DB229CB81DC001A6F18 /* CalculatorController.swift */; };
/* End PBXBuildFile section */

/* Begin PBXContainerItemProxy section */
		CB963D9629CB7E40001A6F18 /* PBXContainerItemProxy */ = {
			isa = PBXContainerItemProxy;
			containerPortal = CB963D7729CB7E3C001A6F18 /* Project object */;
			proxyType = 1;
			remoteGlobalIDString = CB963D7E29CB7E3C001A6F18;
			remoteInfo = CalculatorUIKit;
		};
		CB963DA029CB7E40001A6F18 /* PBXContainerItemProxy */ = {
			isa = PBXContainerItemProxy;
			containerPortal = CB963D7729CB7E3C001A6F18 /* Project object */;
			proxyType = 1;
			remoteGlobalIDString = CB963D7E29CB7E3C001A6F18;
			remoteInfo = CalculatorUIKit;
		};
/* End PBXContainerItemProxy section */

/* Begin PBXFileReference section */
		CB963D7F29CB7E3C001A6F18 /* CalculatorUIKit.app */ = {isa = PBXFileReference; explicitFileType = wrapper.application; includeInIndex = 0; path = CalculatorUIKit.app; sourceTree = BUILT_PRODUCTS_DIR; };
		CB963D8229CB7E3C001A6F18 /* AppDelegate.swift */ = {isa = PBXFileReference; lastKnownFileType = sourcecode.swift; path = AppDelegate.swift; sourceTree = "<group>"; };
		CB963D8429CB7E3C001A6F18 /* SceneDelegate.swift */ = {isa = PBXFileReference; lastKnownFileType = sourcecode.swift; path = SceneDelegate.swift; sourceTree = "<group>"; };
		CB963D8629CB7E3C001A6F18 /* ViewController.swift */ = {isa = PBXFileReference; lastKnownFileType = sourcecode.swift; path = ViewController.swift; sourceTree = "<group>"; };
		CB963D8B29CB7E3F001A6F18 /* Assets.xcassets */ = {isa = PBXFileReference; lastKnownFileType = folder.assetcatalog; path = Assets.xcassets; sourceTree = "<group>"; };
		CB963D8E29CB7E3F001A6F18 /* Base */ = {isa = PBXFileReference; lastKnownFileType = file.storyboard; name = Base; path = Base.lproj/LaunchScreen.storyboard; sourceTree = "<group>"; };
		CB963D9029CB7E3F001A6F18 /* Info.plist */ = {isa = PBXFileReference; lastKnownFileType = text.plist.xml; path = Info.plist; sourceTree = "<group>"; };
		CB963D9529CB7E40001A6F18 /* CalculatorUIKitTests.xctest */ = {isa = PBXFileReference; explicitFileType = wrapper.cfbundle; includeInIndex = 0; path = CalculatorUIKitTests.xctest; sourceTree = BUILT_PRODUCTS_DIR; };
		CB963D9929CB7E40001A6F18 /* CalculatorUIKitTests.swift */ = {isa = PBXFileReference; lastKnownFileType = sourcecode.swift; path = CalculatorUIKitTests.swift; sourceTree = "<group>"; };
		CB963D9F29CB7E40001A6F18 /* CalculatorUIKitUITests.xctest */ = {isa = PBXFileReference; explicitFileType = wrapper.cfbundle; includeInIndex = 0; path = CalculatorUIKitUITests.xctest; sourceTree = BUILT_PRODUCTS_DIR; };
		CB963DA329CB7E40001A6F18 /* CalculatorUIKitUITests.swift */ = {isa = PBXFileReference; lastKnownFileType = sourcecode.swift; path = CalculatorUIKitUITests.swift; sourceTree = "<group>"; };
		CB963DA529CB7E40001A6F18 /* CalculatorUIKitUITestsLaunchTests.swift */ = {isa = PBXFileReference; lastKnownFileType = sourcecode.swift; path = CalculatorUIKitUITestsLaunchTests.swift; sourceTree = "<group>"; };
		CB963DB229CB81DC001A6F18 /* CalculatorController.swift */ = {isa = PBXFileReference; lastKnownFileType = sourcecode.swift; path = CalculatorController.swift; sourceTree = "<group>"; };
/* End PBXFileReference section */

/* Begin PBXFrameworksBuildPhase section */
		CB963D7C29CB7E3C001A6F18 /* Frameworks */ = {
			isa = PBXFrameworksBuildPhase;
			buildActionMask = 2147483647;
			files = (
			);
			runOnlyForDeploymentPostprocessing = 0;
		};
		CB963D9229CB7E40001A6F18 /* Frameworks */ = {
			isa = PBXFrameworksBuildPhase;
			buildActionMask = 2147483647;
			files = (
			);
			runOnlyForDeploymentPostprocessing = 0;
		};
		CB963D9C29CB7E40001A6F18 /* Frameworks */ = {
			isa = PBXFrameworksBuildPhase;
			buildActionMask = 2147483647;
			files = (
			);
			runOnlyForDeploymentPostprocessing = 0;
		};
/* End PBXFrameworksBuildPhase section */

/* Begin PBXGroup section */
		CB963D7629CB7E3C001A6F18 = {
			isa = PBXGroup;
			children = (
				CB963D8129CB7E3C001A6F18 /* CalculatorUIKit */,
				CB963D9829CB7E40001A6F18 /* CalculatorUIKitTests */,
				CB963DA229CB7E40001A6F18 /* CalculatorUIKitUITests */,
				CB963D8029CB7E3C001A6F18 /* Products */,
			);
			sourceTree = "<group>";
		};
		CB963D8029CB7E3C001A6F18 /* Products */ = {
			isa = PBXGroup;
			children = (
				CB963D7F29CB7E3C001A6F18 /* CalculatorUIKit.app */,
				CB963D9529CB7E40001A6F18 /* CalculatorUIKitTests.xctest */,
				CB963D9F29CB7E40001A6F18 /* CalculatorUIKitUITests.xctest */,
			);
			name = Products;
			sourceTree = "<group>";
		};
		CB963D8129CB7E3C001A6F18 /* CalculatorUIKit */ = {
			isa = PBXGroup;
			children = (
				CB963D8229CB7E3C001A6F18 /* AppDelegate.swift */,
				CB963D8429CB7E3C001A6F18 /* SceneDelegate.swift */,
				CB963D8629CB7E3C001A6F18 /* ViewController.swift */,
				CB963D8B29CB7E3F001A6F18 /* Assets.xcassets */,
				CB963D8D29CB7E3F001A6F18 /* LaunchScreen.storyboard */,
				CB963D9029CB7E3F001A6F18 /* Info.plist */,
				CB963DB229CB81DC001A6F18 /* CalculatorController.swift */,
			);
			path = CalculatorUIKit;
			sourceTree = "<group>";
		};
		CB963D9829CB7E40001A6F18 /* CalculatorUIKitTests */ = {
			isa = PBXGroup;
			children = (
				CB963D9929CB7E40001A6F18 /* CalculatorUIKitTests.swift */,
			);
			path = CalculatorUIKitTests;
			sourceTree = "<group>";
		};
		CB963DA229CB7E40001A6F18 /* CalculatorUIKitUITests */ = {
			isa = PBXGroup;
			children = (
				CB963DA329CB7E40001A6F18 /* CalculatorUIKitUITests.swift */,
				CB963DA529CB7E40001A6F18 /* CalculatorUIKitUITestsLaunchTests.swift */,
			);
			path = CalculatorUIKitUITests;
			sourceTree = "<group>";
		};
/* End PBXGroup section */

/* Begin PBXNativeTarget section */
		CB963D7E29CB7E3C001A6F18 /* CalculatorUIKit */ = {
			isa = PBXNativeTarget;
			buildConfigurationList = CB963DA929CB7E40001A6F18 /* Build configuration list for PBXNativeTarget "CalculatorUIKit" */;
			buildPhases = (
				CB963D7B29CB7E3C001A6F18 /* Sources */,
				CB963D7C29CB7E3C001A6F18 /* Frameworks */,
				CB963D7D29CB7E3C001A6F18 /* Resources */,
			);
			buildRules = (
			);
			dependencies = (
			);
			name = CalculatorUIKit;
			productName = CalculatorUIKit;
			productReference = CB963D7F29CB7E3C001A6F18 /* CalculatorUIKit.app */;
			productType = "com.apple.product-type.application";
		};
		CB963D9429CB7E40001A6F18 /* CalculatorUIKitTests */ = {
			isa = PBXNativeTarget;
			buildConfigurationList = CB963DAC29CB7E40001A6F18 /* Build configuration list for PBXNativeTarget "CalculatorUIKitTests" */;
			buildPhases = (
				CB963D9129CB7E40001A6F18 /* Sources */,
				CB963D9229CB7E40001A6F18 /* Frameworks */,
				CB963D9329CB7E40001A6F18 /* Resources */,
			);
			buildRules = (
			);
			dependencies = (
				CB963D9729CB7E40001A6F18 /* PBXTargetDependency */,
			);
			name = CalculatorUIKitTests;
			productName = CalculatorUIKitTests;
			productReference = CB963D9529CB7E40001A6F18 /* CalculatorUIKitTests.xctest */;
			productType = "com.apple.product-type.bundle.unit-test";
		};
		CB963D9E29CB7E40001A6F18 /* CalculatorUIKitUITests */ = {
			isa = PBXNativeTarget;
			buildConfigurationList = CB963DAF29CB7E40001A6F18 /* Build configuration list for PBXNativeTarget "CalculatorUIKitUITests" */;
			buildPhases = (
				CB963D9B29CB7E40001A6F18 /* Sources */,
				CB963D9C29CB7E40001A6F18 /* Frameworks */,
				CB963D9D29CB7E40001A6F18 /* Resources */,
			);
			buildRules = (
			);
			dependencies = (
				CB963DA129CB7E40001A6F18 /* PBXTargetDependency */,
			);
			name = CalculatorUIKitUITests;
			productName = CalculatorUIKitUITests;
			productReference = CB963D9F29CB7E40001A6F18 /* CalculatorUIKitUITests.xctest */;
			productType = "com.apple.product-type.bundle.ui-testing";
		};
/* End PBXNativeTarget section */

/* Begin PBXProject section */
		CB963D7729CB7E3C001A6F18 /* Project object */ = {
			isa = PBXProject;
			attributes = {
				BuildIndependentTargetsInParallel = 1;
				LastSwiftUpdateCheck = 1420;
				LastUpgradeCheck = 1420;
				TargetAttributes = {
					CB963D7E29CB7E3C001A6F18 = {
						CreatedOnToolsVersion = 14.2;
					};
					CB963D9429CB7E40001A6F18 = {
						CreatedOnToolsVersion = 14.2;
						TestTargetID = CB963D7E29CB7E3C001A6F18;
					};
					CB963D9E29CB7E40001A6F18 = {
						CreatedOnToolsVersion = 14.2;
						TestTargetID = CB963D7E29CB7E3C001A6F18;
					};
				};
			};
			buildConfigurationList = CB963D7A29CB7E3C001A6F18 /* Build configuration list for PBXProject "CalculatorUIKit" */;
			compatibilityVersion = "Xcode 14.0";
			developmentRegion = en;
			hasScannedForEncodings = 0;
			knownRegions = (
				en,
				Base,
			);
			mainGroup = CB963D7629CB7E3C001A6F18;
			productRefGroup = CB963D8029CB7E3C001A6F18 /* Products */;
			projectDirPath = "";
			projectRoot = "";
			targets = (
				CB963D7E29CB7E3C001A6F18 /* CalculatorUIKit */,
				CB963D9429CB7E40001A6F18 /* CalculatorUIKitTests */,
				CB963D9E29CB7E40001A6F18 /* CalculatorUIKitUITests */,
			);
		};
/* End PBXProject section */

/* Begin PBXResourcesBuildPhase section */
		CB963D7D29CB7E3C001A6F18 /* Resources */ = {
			isa = PBXResourcesBuildPhase;
			buildActionMask = 2147483647;
			files = (
				CB963D8F29CB7E3F001A6F18 /* LaunchScreen.storyboard in Resources */,
				CB963D8C29CB7E3F001A6F18 /* Assets.xcassets in Resources */,
			);
			runOnlyForDeploymentPostprocessing = 0;
		};
		CB963D9329CB7E40001A6F18 /* Resources */ = {
			isa = PBXResourcesBuildPhase;
			buildActionMask = 2147483647;
			files = (
			);
			runOnlyForDeploymentPostprocessing = 0;
		};
		CB963D9D29CB7E40001A6F18 /* Resources */ = {
			isa = PBXResourcesBuildPhase;
			buildActionMask = 2147483647;
			files = (
			);
			runOnlyForDeploymentPostprocessing = 0;
		};
/* End PBXResourcesBuildPhase section */

/* Begin PBXSourcesBuildPhase section */
		CB963D7B29CB7E3C001A6F18 /* Sources */ = {
			isa = PBXSourcesBuildPhase;
			buildActionMask = 2147483647;
			files = (
				CB963D8729CB7E3C001A6F18 /* ViewController.swift in Sources */,
				CB963D8329CB7E3C001A6F18 /* AppDelegate.swift in Sources */,
				CB963D8529CB7E3C001A6F18 /* SceneDelegate.swift in Sources */,
				CB963DB329CB81DC001A6F18 /* CalculatorController.swift in Sources */,
			);
			runOnlyForDeploymentPostprocessing = 0;
		};
		CB963D9129CB7E40001A6F18 /* Sources */ = {
			isa = PBXSourcesBuildPhase;
			buildActionMask = 2147483647;
			files = (
				CB963D9A29CB7E40001A6F18 /* CalculatorUIKitTests.swift in Sources */,
				CB963DB429CB81DC001A6F18 /* CalculatorController.swift in Sources */,
			);
			runOnlyForDeploymentPostprocessing = 0;
		};
		CB963D9B29CB7E40001A6F18 /* Sources */ = {
			isa = PBXSourcesBuildPhase;
			buildActionMask = 2147483647;
			files = (
				CB963DA429CB7E40001A6F18 /* CalculatorUIKitUITests.swift in Sources */,
				CB963DA629CB7E40001A6F18 /* CalculatorUIKitUITestsLaunchTests.swift in Sources */,
			);
			runOnlyForDeploymentPostprocessing = 0;
		};
/* End PBXSourcesBuildPhase section */

/* Begin PBXTargetDependency section */
		CB963D9729CB7E40001A6F18 /* PBXTargetDependency */ = {
			isa = PBXTargetDependency;
			target = CB963D7E29CB7E3C001A6F18 /* CalculatorUIKit */;
			targetProxy = CB963D9629CB7E40001A6F18 /* PBXContainerItemProxy */;
		};
		CB963DA129CB7E40001A6F18 /* PBXTargetDependency */ = {
			isa = PBXTargetDependency;
			target = CB963D7E29CB7E3C001A6F18 /* CalculatorUIKit */;
			targetProxy = CB963DA029CB7E40001A6F18 /* PBXContainerItemProxy */;
		};
/* End PBXTargetDependency section */

/* Begin PBXVariantGroup section */
		CB963D8D29CB7E3F001A6F18 /* LaunchScreen.storyboard */ = {
			isa = PBXVariantGroup;
			children = (
				CB963D8E29CB7E3F001A6F18 /* Base */,
			);
			name = LaunchScreen.storyboard;
			sourceTree = "<group>";
		};
/* End PBXVariantGroup section */

/* Begin XCBuildConfiguration section */
		CB963DA729CB7E40001A6F18 /* Debug */ = {
			isa = XCBuildConfiguration;
			buildSettings = {
				ALWAYS_SEARCH_USER_PATHS = NO;
				CLANG_ANALYZER_NONNULL = YES;
				CLANG_ANALYZER_NUMBER_OBJECT_CONVERSION = YES_AGGRESSIVE;
				CLANG_CXX_LANGUAGE_STANDARD = "gnu++20";
				CLANG_ENABLE_MODULES = YES;
				CLANG_ENABLE_OBJC_ARC = YES;
				CLANG_ENABLE_OBJC_WEAK = YES;
				CLANG_WARN_BLOCK_CAPTURE_AUTORELEASING = YES;
				CLANG_WARN_BOOL_CONVERSION = YES;
				CLANG_WARN_COMMA = YES;
				CLANG_WARN_CONSTANT_CONVERSION = YES;
				CLANG_WARN_DEPRECATED_OBJC_IMPLEMENTATIONS = YES;
				CLANG_WARN_DIRECT_OBJC_ISA_USAGE = YES_ERROR;
				CLANG_WARN_DOCUMENTATION_COMMENTS = YES;
				CLANG_WARN_EMPTY_BODY = YES;
				CLANG_WARN_ENUM_CONVERSION = YES;
				CLANG_WARN_INFINITE_RECURSION = YES;
				CLANG_WARN_INT_CONVERSION = YES;
				CLANG_WARN_NON_LITERAL_NULL_CONVERSION = YES;
				CLANG_WARN_OBJC_IMPLICIT_RETAIN_SELF = YES;
				CLANG_WARN_OBJC_LITERAL_CONVERSION = YES;
				CLANG_WARN_OBJC_ROOT_CLASS = YES_ERROR;
				CLANG_WARN_QUOTED_INCLUDE_IN_FRAMEWORK_HEADER = YES;
				CLANG_WARN_RANGE_LOOP_ANALYSIS = YES;
				CLANG_WARN_STRICT_PROTOTYPES = YES;
				CLANG_WARN_SUSPICIOUS_MOVE = YES;
				CLANG_WARN_UNGUARDED_AVAILABILITY = YES_AGGRESSIVE;
				CLANG_WARN_UNREACHABLE_CODE = YES;
				CLANG_WARN__DUPLICATE_METHOD_MATCH = YES;
				COPY_PHASE_STRIP = NO;
				DEBUG_INFORMATION_FORMAT = dwarf;
				ENABLE_STRICT_OBJC_MSGSEND = YES;
				ENABLE_TESTABILITY = YES;
				GCC_C_LANGUAGE_STANDARD = gnu11;
				GCC_DYNAMIC_NO_PIC = NO;
				GCC_NO_COMMON_BLOCKS = YES;
				GCC_OPTIMIZATION_LEVEL = 0;
				GCC_PREPROCESSOR_DEFINITIONS = (
					"DEBUG=1",
					"$(inherited)",
				);
				GCC_WARN_64_TO_32_BIT_CONVERSION = YES;
				GCC_WARN_ABOUT_RETURN_TYPE = YES_ERROR;
				GCC_WARN_UNDECLARED_SELECTOR = YES;
				GCC_WARN_UNINITIALIZED_AUTOS = YES_AGGRESSIVE;
				GCC_WARN_UNUSED_FUNCTION = YES;
				GCC_WARN_UNUSED_VARIABLE = YES;
				IPHONEOS_DEPLOYMENT_TARGET = 16.2;
				MTL_ENABLE_DEBUG_INFO = INCLUDE_SOURCE;
				MTL_FAST_MATH = YES;
				ONLY_ACTIVE_ARCH = YES;
				SDKROOT = iphoneos;
				SWIFT_ACTIVE_COMPILATION_CONDITIONS = DEBUG;
				SWIFT_OPTIMIZATION_LEVEL = "-Onone";
			};
			name = Debug;
		};
		CB963DA829CB7E40001A6F18 /* Release */ = {
			isa = XCBuildConfiguration;
			buildSettings = {
				ALWAYS_SEARCH_USER_PATHS = NO;
				CLANG_ANALYZER_NONNULL = YES;
				CLANG_ANALYZER_NUMBER_OBJECT_CONVERSION = YES_AGGRESSIVE;
				CLANG_CXX_LANGUAGE_STANDARD = "gnu++20";
				CLANG_ENABLE_MODULES = YES;
				CLANG_ENABLE_OBJC_ARC = YES;
				CLANG_ENABLE_OBJC_WEAK = YES;
				CLANG_WARN_BLOCK_CAPTURE_AUTORELEASING = YES;
				CLANG_WARN_BOOL_CONVERSION = YES;
				CLANG_WARN_COMMA = YES;
				CLANG_WARN_CONSTANT_CONVERSION = YES;
				CLANG_WARN_DEPRECATED_OBJC_IMPLEMENTATIONS = YES;
				CLANG_WARN_DIRECT_OBJC_ISA_USAGE = YES_ERROR;
				CLANG_WARN_DOCUMENTATION_COMMENTS = YES;
				CLANG_WARN_EMPTY_BODY = YES;
				CLANG_WARN_ENUM_CONVERSION = YES;
				CLANG_WARN_INFINITE_RECURSION = YES;
				CLANG_WARN_INT_CONVERSION = YES;
				CLANG_WARN_NON_LITERAL_NULL_CONVERSION = YES;
				CLANG_WARN_OBJC_IMPLICIT_RETAIN_SELF = YES;
				CLANG_WARN_OBJC_LITERAL_CONVERSION = YES;
				CLANG_WARN_OBJC_ROOT_CLASS = YES_ERROR;
				CLANG_WARN_QUOTED_INCLUDE_IN_FRAMEWORK_HEADER = YES;
				CLANG_WARN_RANGE_LOOP_ANALYSIS = YES;
				CLANG_WARN_STRICT_PROTOTYPES = YES;
				CLANG_WARN_SUSPICIOUS_MOVE = YES;
				CLANG_WARN_UNGUARDED_AVAILABILITY = YES_AGGRESSIVE;
				CLANG_WARN_UNREACHABLE_CODE = YES;
				CLANG_WARN__DUPLICATE_METHOD_MATCH = YES;
				COPY_PHASE_STRIP = NO;
				DEBUG_INFORMATION_FORMAT = "dwarf-with-dsym";
				ENABLE_NS_ASSERTIONS = NO;
				ENABLE_STRICT_OBJC_MSGSEND = YES;
				GCC_C_LANGUAGE_STANDARD = gnu11;
				GCC_NO_COMMON_BLOCKS = YES;
				GCC_WARN_64_TO_32_BIT_CONVERSION = YES;
				GCC_WARN_ABOUT_RETURN_TYPE = YES_ERROR;
				GCC_WARN_UNDECLARED_SELECTOR = YES;
				GCC_WARN_UNINITIALIZED_AUTOS = YES_AGGRESSIVE;
				GCC_WARN_UNUSED_FUNCTION = YES;
				GCC_WARN_UNUSED_VARIABLE = YES;
				IPHONEOS_DEPLOYMENT_TARGET = 16.2;
				MTL_ENABLE_DEBUG_INFO = NO;
				MTL_FAST_MATH = YES;
				SDKROOT = iphoneos;
				SWIFT_COMPILATION_MODE = wholemodule;
				SWIFT_OPTIMIZATION_LEVEL = "-O";
				VALIDATE_PRODUCT = YES;
			};
			name = Release;
		};
		CB963DAA29CB7E40001A6F18 /* Debug */ = {
			isa = XCBuildConfiguration;
			buildSettings = {
				ASSETCATALOG_COMPILER_APPICON_NAME = AppIcon;
				ASSETCATALOG_COMPILER_GLOBAL_ACCENT_COLOR_NAME = AccentColor;
				CODE_SIGN_STYLE = Automatic;
				CURRENT_PROJECT_VERSION = 1;
				DEVELOPMENT_TEAM = FSX322285W;
				GENERATE_INFOPLIST_FILE = YES;
				INFOPLIST_FILE = CalculatorUIKit/Info.plist;
				INFOPLIST_KEY_UIApplicationSupportsIndirectInputEvents = YES;
				INFOPLIST_KEY_UILaunchStoryboardName = LaunchScreen;
				INFOPLIST_KEY_UISupportedInterfaceOrientations_iPad = "UIInterfaceOrientationPortrait UIInterfaceOrientationPortraitUpsideDown UIInterfaceOrientationLandscapeLeft UIInterfaceOrientationLandscapeRight";
				INFOPLIST_KEY_UISupportedInterfaceOrientations_iPhone = "UIInterfaceOrientationPortrait UIInterfaceOrientationLandscapeLeft UIInterfaceOrientationLandscapeRight";
				LD_RUNPATH_SEARCH_PATHS = (
					"$(inherited)",
					"@executable_path/Frameworks",
				);
				MARKETING_VERSION = 1.0;
				PRODUCT_BUNDLE_IDENTIFIER = co.kitten.CalculatorUIKit;
				PRODUCT_NAME = "$(TARGET_NAME)";
				SWIFT_EMIT_LOC_STRINGS = YES;
				SWIFT_VERSION = 5.0;
				TARGETED_DEVICE_FAMILY = "1,2";
			};
			name = Debug;
		};
		CB963DAB29CB7E40001A6F18 /* Release */ = {
			isa = XCBuildConfiguration;
			buildSettings = {
				ASSETCATALOG_COMPILER_APPICON_NAME = AppIcon;
				ASSETCATALOG_COMPILER_GLOBAL_ACCENT_COLOR_NAME = AccentColor;
				CODE_SIGN_STYLE = Automatic;
				CURRENT_PROJECT_VERSION = 1;
				DEVELOPMENT_TEAM = FSX322285W;
				GENERATE_INFOPLIST_FILE = YES;
				INFOPLIST_FILE = CalculatorUIKit/Info.plist;
				INFOPLIST_KEY_UIApplicationSupportsIndirectInputEvents = YES;
				INFOPLIST_KEY_UILaunchStoryboardName = LaunchScreen;
				INFOPLIST_KEY_UISupportedInterfaceOrientations_iPad = "UIInterfaceOrientationPortrait UIInterfaceOrientationPortraitUpsideDown UIInterfaceOrientationLandscapeLeft UIInterfaceOrientationLandscapeRight";
				INFOPLIST_KEY_UISupportedInterfaceOrientations_iPhone = "UIInterfaceOrientationPortrait UIInterfaceOrientationLandscapeLeft UIInterfaceOrientationLandscapeRight";
				LD_RUNPATH_SEARCH_PATHS = (
					"$(inherited)",
					"@executable_path/Frameworks",
				);
				MARKETING_VERSION = 1.0;
				PRODUCT_BUNDLE_IDENTIFIER = co.kitten.CalculatorUIKit;
				PRODUCT_NAME = "$(TARGET_NAME)";
				SWIFT_EMIT_LOC_STRINGS = YES;
				SWIFT_VERSION = 5.0;
				TARGETED_DEVICE_FAMILY = "1,2";
			};
			name = Release;
		};
		CB963DAD29CB7E40001A6F18 /* Debug */ = {
			isa = XCBuildConfiguration;
			buildSettings = {
				ALWAYS_EMBED_SWIFT_STANDARD_LIBRARIES = YES;
				BUNDLE_LOADER = "$(TEST_HOST)";
				CODE_SIGN_STYLE = Automatic;
				CURRENT_PROJECT_VERSION = 1;
				DEVELOPMENT_TEAM = FSX322285W;
				GENERATE_INFOPLIST_FILE = YES;
				IPHONEOS_DEPLOYMENT_TARGET = 16.2;
				MARKETING_VERSION = 1.0;
				PRODUCT_BUNDLE_IDENTIFIER = co.kitten.CalculatorUIKitTests;
				PRODUCT_NAME = "$(TARGET_NAME)";
				SWIFT_EMIT_LOC_STRINGS = NO;
				SWIFT_VERSION = 5.0;
				TARGETED_DEVICE_FAMILY = "1,2";
				TEST_HOST = "$(BUILT_PRODUCTS_DIR)/CalculatorUIKit.app/$(BUNDLE_EXECUTABLE_FOLDER_PATH)/CalculatorUIKit";
			};
			name = Debug;
		};
		CB963DAE29CB7E40001A6F18 /* Release */ = {
			isa = XCBuildConfiguration;
			buildSettings = {
				ALWAYS_EMBED_SWIFT_STANDARD_LIBRARIES = YES;
				BUNDLE_LOADER = "$(TEST_HOST)";
				CODE_SIGN_STYLE = Automatic;
				CURRENT_PROJECT_VERSION = 1;
				DEVELOPMENT_TEAM = FSX322285W;
				GENERATE_INFOPLIST_FILE = YES;
				IPHONEOS_DEPLOYMENT_TARGET = 16.2;
				MARKETING_VERSION = 1.0;
				PRODUCT_BUNDLE_IDENTIFIER = co.kitten.CalculatorUIKitTests;
				PRODUCT_NAME = "$(TARGET_NAME)";
				SWIFT_EMIT_LOC_STRINGS = NO;
				SWIFT_VERSION = 5.0;
				TARGETED_DEVICE_FAMILY = "1,2";
				TEST_HOST = "$(BUILT_PRODUCTS_DIR)/CalculatorUIKit.app/$(BUNDLE_EXECUTABLE_FOLDER_PATH)/CalculatorUIKit";
			};
			name = Release;
		};
		CB963DB029CB7E40001A6F18 /* Debug */ = {
			isa = XCBuildConfiguration;
			buildSettings = {
				ALWAYS_EMBED_SWIFT_STANDARD_LIBRARIES = YES;
				CODE_SIGN_STYLE = Automatic;
				CURRENT_PROJECT_VERSION = 1;
				DEVELOPMENT_TEAM = FSX322285W;
				GENERATE_INFOPLIST_FILE = YES;
				MARKETING_VERSION = 1.0;
				PRODUCT_BUNDLE_IDENTIFIER = co.kitten.CalculatorUIKitUITests;
				PRODUCT_NAME = "$(TARGET_NAME)";
				SWIFT_EMIT_LOC_STRINGS = NO;
				SWIFT_VERSION = 5.0;
				TARGETED_DEVICE_FAMILY = "1,2";
				TEST_TARGET_NAME = CalculatorUIKit;
			};
			name = Debug;
		};
		CB963DB129CB7E40001A6F18 /* Release */ = {
			isa = XCBuildConfiguration;
			buildSettings = {
				ALWAYS_EMBED_SWIFT_STANDARD_LIBRARIES = YES;
				CODE_SIGN_STYLE = Automatic;
				CURRENT_PROJECT_VERSION = 1;
				DEVELOPMENT_TEAM = FSX322285W;
				GENERATE_INFOPLIST_FILE = YES;
				MARKETING_VERSION = 1.0;
				PRODUCT_BUNDLE_IDENTIFIER = co.kitten.CalculatorUIKitUITests;
				PRODUCT_NAME = "$(TARGET_NAME)";
				SWIFT_EMIT_LOC_STRINGS = NO;
				SWIFT_VERSION = 5.0;
				TARGETED_DEVICE_FAMILY = "1,2";
				TEST_TARGET_NAME = CalculatorUIKit;
			};
			name = Release;
		};
/* End XCBuildConfiguration section */

/* Begin XCConfigurationList section */
		CB963D7A29CB7E3C001A6F18 /* Build configuration list for PBXProject "CalculatorUIKit" */ = {
			isa = XCConfigurationList;
			buildConfigurations = (
				CB963DA729CB7E40001A6F18 /* Debug */,
				CB963DA829CB7E40001A6F18 /* Release */,
			);
			defaultConfigurationIsVisible = 0;
			defaultConfigurationName = Release;
		};
		CB963DA929CB7E40001A6F18 /* Build configuration list for PBXNativeTarget "CalculatorUIKit" */ = {
			isa = XCConfigurationList;
			buildConfigurations = (
				CB963DAA29CB7E40001A6F18 /* Debug */,
				CB963DAB29CB7E40001A6F18 /* Release */,
			);
			defaultConfigurationIsVisible = 0;
			defaultConfigurationName = Release;
		};
		CB963DAC29CB7E40001A6F18 /* Build configuration list for PBXNativeTarget "CalculatorUIKitTests" */ = {
			isa = XCConfigurationList;
			buildConfigurations = (
				CB963DAD29CB7E40001A6F18 /* Debug */,
				CB963DAE29CB7E40001A6F18 /* Release */,
			);
			defaultConfigurationIsVisible = 0;
			defaultConfigurationName = Release;
		};
		CB963DAF29CB7E40001A6F18 /* Build configuration list for PBXNativeTarget "CalculatorUIKitUITests" */ = {
			isa = XCConfigurationList;
			buildConfigurations = (
				CB963DB029CB7E40001A6F18 /* Debug */,
				CB963DB129CB7E40001A6F18 /* Release */,
			);
			defaultConfigurationIsVisible = 0;
			defaultConfigurationName = Release;
		};
/* End XCConfigurationList section */
	};
	rootObject = CB963D7729CB7E3C001A6F18 /* Project object */;
}
